
Microsoft Visual Studio Solution File, Format Version 12.00
# Visual Studio Version 17
VisualStudioVersion = 17.9.34616.47
MinimumVisualStudioVersion = 10.0.40219.1
Project("{9A19103F-16F7-4668-BE54-9A1E7A4F7556}") = "YK.Core", "YK.Core\YK.Core.csproj", "{BEAFA5EA-2F4C-484D-9570-63FF68DD0DE2}"
EndProject
Project("{9A19103F-16F7-4668-BE54-9A1E7A4F7556}") = "YK.Host", "Host\YK.Host.csproj", "{FA1BE70E-B38A-4B23-A409-CF16487746D0}"
EndProject
Project("{2150E333-8FDC-42A3-9474-1A3956D46DE8}") = "Migrators", "Migrators", "{71C824ED-D5A7-4539-899C-46CB209AA5E2}"
EndProject
Project("{9A19103F-16F7-4668-BE54-9A1E7A4F7556}") = "YK.Migrators.PostgreSQL", "YK.Migrators.PostgreSQL\YK.Migrators.PostgreSQL.csproj", "{943E331F-2365-4D96-84BF-4C9B66FC3057}"
EndProject
Project("{9A19103F-16F7-4668-BE54-9A1E7A4F7556}") = "YK.Migrators.MSSQL", "YK.Migrators.MSSQL\YK.Migrators.MSSQL.csproj", "{2421B133-196B-4B27-96D5-2E289C78ABD5}"
EndProject
Project("{9A19103F-16F7-4668-BE54-9A1E7A4F7556}") = "YK.Migrators.MySQL", "YK.Migrators.MySQL\YK.Migrators.MySQL.csproj", "{09BE9E39-071B-4121-AEA6-B938D46FB470}"
EndProject
Project("{9A19103F-16F7-4668-BE54-9A1E7A4F7556}") = "YK.Migrators.Oracle", "YK.Migrators.Oracle\YK.Migrators.Oracle.csproj", "{07C7741D-6009-4675-AADA-4CFE79600A6F}"
EndProject
Project("{9A19103F-16F7-4668-BE54-9A1E7A4F7556}") = "YK.Migrators.SqLite", "YK.Migrators.SqLite\YK.Migrators.SqLite.csproj", "{FF93D3D0-28CB-45DF-8423-09E0C59E962C}"
EndProject
Project("{9A19103F-16F7-4668-BE54-9A1E7A4F7556}") = "YK.Infrastructure", "YK.Infrastructure\YK.Infrastructure.csproj", "{A85EBF05-C3E8-45B1-852D-4F2ECF085E6F}"
EndProject
Project("{2150E333-8FDC-42A3-9474-1A3956D46DE8}") = "Modelus", "Modelus", "{B8604832-34B6-404E-B327-CDE3E95FD0DD}"
EndProject
Project("{9A19103F-16F7-4668-BE54-9A1E7A4F7556}") = "YK.Console", "YK.Console\YK.Console.csproj", "{6ABF6C22-09CE-41B3-ABC1-70239921CD59}"
EndProject
Project("{2150E333-8FDC-42A3-9474-1A3956D46DE8}") = "Host", "Host", "{403F7269-A7A6-4CC4-8DF5-F7E763C09A8D}"
EndProject
Project("{2150E333-8FDC-42A3-9474-1A3956D46DE8}") = "Framework", "Framework", "{047C0A6C-057D-4DA7-BF85-CD8879C5EB8E}"
EndProject
Project("{9A19103F-16F7-4668-BE54-9A1E7A4F7556}") = "YK.DynamicApi", "YK.DynamicApi\YK.DynamicApi.csproj", "{00A3AD9E-82A2-4303-BB51-34D1B06348EC}"
EndProject
Project("{9A19103F-16F7-4668-BE54-9A1E7A4F7556}") = "YK.ApiUI", "YK.ApiUI\YK.ApiUI.csproj", "{F7D279B6-3951-4C3A-B801-79BA29A6D053}"
EndProject
Project("{9A19103F-16F7-4668-BE54-9A1E7A4F7556}") = "YK.CRM", "YK.CRM\YK.CRM.csproj", "{A1DD2DB5-B179-4F3C-96A0-3F1494FA43A8}"
EndProject
Project("{9A19103F-16F7-4668-BE54-9A1E7A4F7556}") = "YK.ORM", "YK.ORM\YK.ORM.csproj", "{2B06D111-4AF3-4F4E-BF9F-A6DF3CE8C5B3}"
EndProject
Project("{9A19103F-16F7-4668-BE54-9A1E7A4F7556}") = "YK.Authorize", "YK.Authorize\YK.Authorize.csproj", "{4B310ED1-3B15-463B-9312-2BC9893026BD}"
EndProject
Project("{9A19103F-16F7-4668-BE54-9A1E7A4F7556}") = "YK.Cache", "YK.Cache\YK.Cache.csproj", "{B407CEAC-B25D-4E8B-BA8A-361021BAB167}"
EndProject
Project("{9A19103F-16F7-4668-BE54-9A1E7A4F7556}") = "YK.BackgroundJob", "YK.BackgroundJob\YK.BackgroundJob.csproj", "{35EEE571-8A2F-46A1-8D12-FF911AA6FC7C}"
EndProject
Project("{9A19103F-16F7-4668-BE54-9A1E7A4F7556}") = "YK.Module.Core", "YK.Module.Core\YK.Module.Core.csproj", "{065269E6-9C38-4B6A-AC54-D108C4CC6415}"
EndProject
Project("{2150E333-8FDC-42A3-9474-1A3956D46DE8}") = "Console", "Console", "{ECE0FF46-5760-46AD-B3D7-389EF8F09E70}"
EndProject
Project("{2150E333-8FDC-42A3-9474-1A3956D46DE8}") = "CRM", "CRM", "{75A757B2-D5F6-4812-9EB9-F456FA3C00C0}"
EndProject
Project("{9A19103F-16F7-4668-BE54-9A1E7A4F7556}") = "YK.Console.Core", "YK.Console.Core\YK.Console.Core.csproj", "{1EB44D59-3A5E-401A-9DC0-05500D3F3AF5}"
EndProject
Project("{9A19103F-16F7-4668-BE54-9A1E7A4F7556}") = "YK.Console.Business", "YK.Console.Business\YK.Console.Business.csproj", "{BCDDF28A-8CD8-4C37-9285-B74841AE72CC}"
EndProject
Project("{9A19103F-16F7-4668-BE54-9A1E7A4F7556}") = "YK.CRM.Core", "YK.CRM.Core\YK.CRM.Core.csproj", "{7040D114-23A8-4A43-84A2-6A1678A0A406}"
EndProject
Project("{9A19103F-16F7-4668-BE54-9A1E7A4F7556}") = "YK.CRM.Business", "YK.CRM.Business\YK.CRM.Business.csproj", "{204E721A-AE32-4FD3-8E1B-D993C4B7F7EE}"
EndProject
Project("{9A19103F-16F7-4668-BE54-9A1E7A4F7556}") = "YK.Notice", "YK.Notice\YK.Notice.csproj", "{B945C939-72AE-445E-8838-6A79E0B5614B}"
EndProject
Project("{FAE04EC0-301F-11D3-BF4B-00C04F79EFBC}") = "YK.EventBus", "YK.EventBus\YK.EventBus.csproj", "{328CE437-8399-4898-93FE-8159FA3C71D4}"
EndProject
Global
	GlobalSection(SolutionConfigurationPlatforms) = preSolution
		Debug|Any CPU = Debug|Any CPU
		Release|Any CPU = Release|Any CPU
	EndGlobalSection
	GlobalSection(ProjectConfigurationPlatforms) = postSolution
		{BEAFA5EA-2F4C-484D-9570-63FF68DD0DE2}.Debug|Any CPU.ActiveCfg = Debug|Any CPU
		{BEAFA5EA-2F4C-484D-9570-63FF68DD0DE2}.Debug|Any CPU.Build.0 = Debug|Any CPU
		{BEAFA5EA-2F4C-484D-9570-63FF68DD0DE2}.Release|Any CPU.ActiveCfg = Release|Any CPU
		{BEAFA5EA-2F4C-484D-9570-63FF68DD0DE2}.Release|Any CPU.Build.0 = Release|Any CPU
		{FA1BE70E-B38A-4B23-A409-CF16487746D0}.Debug|Any CPU.ActiveCfg = Debug|Any CPU
		{FA1BE70E-B38A-4B23-A409-CF16487746D0}.Debug|Any CPU.Build.0 = Debug|Any CPU
		{FA1BE70E-B38A-4B23-A409-CF16487746D0}.Release|Any CPU.ActiveCfg = Release|Any CPU
		{FA1BE70E-B38A-4B23-A409-CF16487746D0}.Release|Any CPU.Build.0 = Release|Any CPU
		{943E331F-2365-4D96-84BF-4C9B66FC3057}.Debug|Any CPU.ActiveCfg = Debug|Any CPU
		{943E331F-2365-4D96-84BF-4C9B66FC3057}.Debug|Any CPU.Build.0 = Debug|Any CPU
		{943E331F-2365-4D96-84BF-4C9B66FC3057}.Release|Any CPU.ActiveCfg = Release|Any CPU
		{943E331F-2365-4D96-84BF-4C9B66FC3057}.Release|Any CPU.Build.0 = Release|Any CPU
		{2421B133-196B-4B27-96D5-2E289C78ABD5}.Debug|Any CPU.ActiveCfg = Debug|Any CPU
		{2421B133-196B-4B27-96D5-2E289C78ABD5}.Debug|Any CPU.Build.0 = Debug|Any CPU
		{2421B133-196B-4B27-96D5-2E289C78ABD5}.Release|Any CPU.ActiveCfg = Release|Any CPU
		{2421B133-196B-4B27-96D5-2E289C78ABD5}.Release|Any CPU.Build.0 = Release|Any CPU
		{09BE9E39-071B-4121-AEA6-B938D46FB470}.Debug|Any CPU.ActiveCfg = Debug|Any CPU
		{09BE9E39-071B-4121-AEA6-B938D46FB470}.Debug|Any CPU.Build.0 = Debug|Any CPU
		{09BE9E39-071B-4121-AEA6-B938D46FB470}.Release|Any CPU.ActiveCfg = Release|Any CPU
		{09BE9E39-071B-4121-AEA6-B938D46FB470}.Release|Any CPU.Build.0 = Release|Any CPU
		{07C7741D-6009-4675-AADA-4CFE79600A6F}.Debug|Any CPU.ActiveCfg = Debug|Any CPU
		{07C7741D-6009-4675-AADA-4CFE79600A6F}.Debug|Any CPU.Build.0 = Debug|Any CPU
		{07C7741D-6009-4675-AADA-4CFE79600A6F}.Release|Any CPU.ActiveCfg = Release|Any CPU
		{07C7741D-6009-4675-AADA-4CFE79600A6F}.Release|Any CPU.Build.0 = Release|Any CPU
		{FF93D3D0-28CB-45DF-8423-09E0C59E962C}.Debug|Any CPU.ActiveCfg = Debug|Any CPU
		{FF93D3D0-28CB-45DF-8423-09E0C59E962C}.Debug|Any CPU.Build.0 = Debug|Any CPU
		{FF93D3D0-28CB-45DF-8423-09E0C59E962C}.Release|Any CPU.ActiveCfg = Release|Any CPU
		{FF93D3D0-28CB-45DF-8423-09E0C59E962C}.Release|Any CPU.Build.0 = Release|Any CPU
		{A85EBF05-C3E8-45B1-852D-4F2ECF085E6F}.Debug|Any CPU.ActiveCfg = Debug|Any CPU
		{A85EBF05-C3E8-45B1-852D-4F2ECF085E6F}.Debug|Any CPU.Build.0 = Debug|Any CPU
		{A85EBF05-C3E8-45B1-852D-4F2ECF085E6F}.Release|Any CPU.ActiveCfg = Release|Any CPU
		{A85EBF05-C3E8-45B1-852D-4F2ECF085E6F}.Release|Any CPU.Build.0 = Release|Any CPU
		{6ABF6C22-09CE-41B3-ABC1-70239921CD59}.Debug|Any CPU.ActiveCfg = Debug|Any CPU
		{6ABF6C22-09CE-41B3-ABC1-70239921CD59}.Debug|Any CPU.Build.0 = Debug|Any CPU
		{6ABF6C22-09CE-41B3-ABC1-70239921CD59}.Release|Any CPU.ActiveCfg = Release|Any CPU
		{6ABF6C22-09CE-41B3-ABC1-70239921CD59}.Release|Any CPU.Build.0 = Release|Any CPU
		{00A3AD9E-82A2-4303-BB51-34D1B06348EC}.Debug|Any CPU.ActiveCfg = Debug|Any CPU
		{00A3AD9E-82A2-4303-BB51-34D1B06348EC}.Debug|Any CPU.Build.0 = Debug|Any CPU
		{00A3AD9E-82A2-4303-BB51-34D1B06348EC}.Release|Any CPU.ActiveCfg = Release|Any CPU
		{00A3AD9E-82A2-4303-BB51-34D1B06348EC}.Release|Any CPU.Build.0 = Release|Any CPU
		{F7D279B6-3951-4C3A-B801-79BA29A6D053}.Debug|Any CPU.ActiveCfg = Debug|Any CPU
		{F7D279B6-3951-4C3A-B801-79BA29A6D053}.Debug|Any CPU.Build.0 = Debug|Any CPU
		{F7D279B6-3951-4C3A-B801-79BA29A6D053}.Release|Any CPU.ActiveCfg = Release|Any CPU
		{F7D279B6-3951-4C3A-B801-79BA29A6D053}.Release|Any CPU.Build.0 = Release|Any CPU
		{A1DD2DB5-B179-4F3C-96A0-3F1494FA43A8}.Debug|Any CPU.ActiveCfg = Debug|Any CPU
		{A1DD2DB5-B179-4F3C-96A0-3F1494FA43A8}.Debug|Any CPU.Build.0 = Debug|Any CPU
		{A1DD2DB5-B179-4F3C-96A0-3F1494FA43A8}.Release|Any CPU.ActiveCfg = Release|Any CPU
		{A1DD2DB5-B179-4F3C-96A0-3F1494FA43A8}.Release|Any CPU.Build.0 = Release|Any CPU
		{2B06D111-4AF3-4F4E-BF9F-A6DF3CE8C5B3}.Debug|Any CPU.ActiveCfg = Debug|Any CPU
		{2B06D111-4AF3-4F4E-BF9F-A6DF3CE8C5B3}.Debug|Any CPU.Build.0 = Debug|Any CPU
		{2B06D111-4AF3-4F4E-BF9F-A6DF3CE8C5B3}.Release|Any CPU.ActiveCfg = Release|Any CPU
		{2B06D111-4AF3-4F4E-BF9F-A6DF3CE8C5B3}.Release|Any CPU.Build.0 = Release|Any CPU
		{4B310ED1-3B15-463B-9312-2BC9893026BD}.Debug|Any CPU.ActiveCfg = Debug|Any CPU
		{4B310ED1-3B15-463B-9312-2BC9893026BD}.Debug|Any CPU.Build.0 = Debug|Any CPU
		{4B310ED1-3B15-463B-9312-2BC9893026BD}.Release|Any CPU.ActiveCfg = Release|Any CPU
		{4B310ED1-3B15-463B-9312-2BC9893026BD}.Release|Any CPU.Build.0 = Release|Any CPU
		{B407CEAC-B25D-4E8B-BA8A-361021BAB167}.Debug|Any CPU.ActiveCfg = Debug|Any CPU
		{B407CEAC-B25D-4E8B-BA8A-361021BAB167}.Debug|Any CPU.Build.0 = Debug|Any CPU
		{B407CEAC-B25D-4E8B-BA8A-361021BAB167}.Release|Any CPU.ActiveCfg = Release|Any CPU
		{B407CEAC-B25D-4E8B-BA8A-361021BAB167}.Release|Any CPU.Build.0 = Release|Any CPU
		{35EEE571-8A2F-46A1-8D12-FF911AA6FC7C}.Debug|Any CPU.ActiveCfg = Debug|Any CPU
		{35EEE571-8A2F-46A1-8D12-FF911AA6FC7C}.Debug|Any CPU.Build.0 = Debug|Any CPU
		{35EEE571-8A2F-46A1-8D12-FF911AA6FC7C}.Release|Any CPU.ActiveCfg = Release|Any CPU
		{35EEE571-8A2F-46A1-8D12-FF911AA6FC7C}.Release|Any CPU.Build.0 = Release|Any CPU
		{065269E6-9C38-4B6A-AC54-D108C4CC6415}.Debug|Any CPU.ActiveCfg = Debug|Any CPU
		{065269E6-9C38-4B6A-AC54-D108C4CC6415}.Debug|Any CPU.Build.0 = Debug|Any CPU
		{065269E6-9C38-4B6A-AC54-D108C4CC6415}.Release|Any CPU.ActiveCfg = Release|Any CPU
		{065269E6-9C38-4B6A-AC54-D108C4CC6415}.Release|Any CPU.Build.0 = Release|Any CPU
		{1EB44D59-3A5E-401A-9DC0-05500D3F3AF5}.Debug|Any CPU.ActiveCfg = Debug|Any CPU
		{1EB44D59-3A5E-401A-9DC0-05500D3F3AF5}.Debug|Any CPU.Build.0 = Debug|Any CPU
		{1EB44D59-3A5E-401A-9DC0-05500D3F3AF5}.Release|Any CPU.ActiveCfg = Release|Any CPU
		{1EB44D59-3A5E-401A-9DC0-05500D3F3AF5}.Release|Any CPU.Build.0 = Release|Any CPU
		{BCDDF28A-8CD8-4C37-9285-B74841AE72CC}.Debug|Any CPU.ActiveCfg = Debug|Any CPU
		{BCDDF28A-8CD8-4C37-9285-B74841AE72CC}.Debug|Any CPU.Build.0 = Debug|Any CPU
		{BCDDF28A-8CD8-4C37-9285-B74841AE72CC}.Release|Any CPU.ActiveCfg = Release|Any CPU
		{BCDDF28A-8CD8-4C37-9285-B74841AE72CC}.Release|Any CPU.Build.0 = Release|Any CPU
		{7040D114-23A8-4A43-84A2-6A1678A0A406}.Debug|Any CPU.ActiveCfg = Debug|Any CPU
		{7040D114-23A8-4A43-84A2-6A1678A0A406}.Debug|Any CPU.Build.0 = Debug|Any CPU
		{7040D114-23A8-4A43-84A2-6A1678A0A406}.Release|Any CPU.ActiveCfg = Release|Any CPU
		{7040D114-23A8-4A43-84A2-6A1678A0A406}.Release|Any CPU.Build.0 = Release|Any CPU
		{204E721A-AE32-4FD3-8E1B-D993C4B7F7EE}.Debug|Any CPU.ActiveCfg = Debug|Any CPU
		{204E721A-AE32-4FD3-8E1B-D993C4B7F7EE}.Debug|Any CPU.Build.0 = Debug|Any CPU
		{204E721A-AE32-4FD3-8E1B-D993C4B7F7EE}.Release|Any CPU.ActiveCfg = Release|Any CPU
		{204E721A-AE32-4FD3-8E1B-D993C4B7F7EE}.Release|Any CPU.Build.0 = Release|Any CPU
		{B945C939-72AE-445E-8838-6A79E0B5614B}.Debug|Any CPU.ActiveCfg = Debug|Any CPU
		{B945C939-72AE-445E-8838-6A79E0B5614B}.Debug|Any CPU.Build.0 = Debug|Any CPU
		{B945C939-72AE-445E-8838-6A79E0B5614B}.Release|Any CPU.ActiveCfg = Release|Any CPU
		{B945C939-72AE-445E-8838-6A79E0B5614B}.Release|Any CPU.Build.0 = Release|Any CPU
		{328CE437-8399-4898-93FE-8159FA3C71D4}.Debug|Any CPU.ActiveCfg = Debug|Any CPU
		{328CE437-8399-4898-93FE-8159FA3C71D4}.Debug|Any CPU.Build.0 = Debug|Any CPU
		{328CE437-8399-4898-93FE-8159FA3C71D4}.Release|Any CPU.ActiveCfg = Release|Any CPU
		{328CE437-8399-4898-93FE-8159FA3C71D4}.Release|Any CPU.Build.0 = Release|Any CPU
	EndGlobalSection
	GlobalSection(SolutionProperties) = preSolution
		HideSolutionNode = FALSE
	EndGlobalSection
	GlobalSection(NestedProjects) = preSolution
		{BEAFA5EA-2F4C-484D-9570-63FF68DD0DE2} = {047C0A6C-057D-4DA7-BF85-CD8879C5EB8E}
		{FA1BE70E-B38A-4B23-A409-CF16487746D0} = {403F7269-A7A6-4CC4-8DF5-F7E763C09A8D}
		{943E331F-2365-4D96-84BF-4C9B66FC3057} = {71C824ED-D5A7-4539-899C-46CB209AA5E2}
		{2421B133-196B-4B27-96D5-2E289C78ABD5} = {71C824ED-D5A7-4539-899C-46CB209AA5E2}
		{09BE9E39-071B-4121-AEA6-B938D46FB470} = {71C824ED-D5A7-4539-899C-46CB209AA5E2}
		{07C7741D-6009-4675-AADA-4CFE79600A6F} = {71C824ED-D5A7-4539-899C-46CB209AA5E2}
		{FF93D3D0-28CB-45DF-8423-09E0C59E962C} = {71C824ED-D5A7-4539-899C-46CB209AA5E2}
		{A85EBF05-C3E8-45B1-852D-4F2ECF085E6F} = {047C0A6C-057D-4DA7-BF85-CD8879C5EB8E}
		{6ABF6C22-09CE-41B3-ABC1-70239921CD59} = {ECE0FF46-5760-46AD-B3D7-389EF8F09E70}
		{00A3AD9E-82A2-4303-BB51-34D1B06348EC} = {047C0A6C-057D-4DA7-BF85-CD8879C5EB8E}
		{F7D279B6-3951-4C3A-B801-79BA29A6D053} = {403F7269-A7A6-4CC4-8DF5-F7E763C09A8D}
		{A1DD2DB5-B179-4F3C-96A0-3F1494FA43A8} = {75A757B2-D5F6-4812-9EB9-F456FA3C00C0}
		{2B06D111-4AF3-4F4E-BF9F-A6DF3CE8C5B3} = {047C0A6C-057D-4DA7-BF85-CD8879C5EB8E}
		{4B310ED1-3B15-463B-9312-2BC9893026BD} = {047C0A6C-057D-4DA7-BF85-CD8879C5EB8E}
		{B407CEAC-B25D-4E8B-BA8A-361021BAB167} = {047C0A6C-057D-4DA7-BF85-CD8879C5EB8E}
		{35EEE571-8A2F-46A1-8D12-FF911AA6FC7C} = {047C0A6C-057D-4DA7-BF85-CD8879C5EB8E}
		{065269E6-9C38-4B6A-AC54-D108C4CC6415} = {B8604832-34B6-404E-B327-CDE3E95FD0DD}
		{ECE0FF46-5760-46AD-B3D7-389EF8F09E70} = {B8604832-34B6-404E-B327-CDE3E95FD0DD}
		{75A757B2-D5F6-4812-9EB9-F456FA3C00C0} = {B8604832-34B6-404E-B327-CDE3E95FD0DD}
		{1EB44D59-3A5E-401A-9DC0-05500D3F3AF5} = {ECE0FF46-5760-46AD-B3D7-389EF8F09E70}
		{BCDDF28A-8CD8-4C37-9285-B74841AE72CC} = {ECE0FF46-5760-46AD-B3D7-389EF8F09E70}
		{7040D114-23A8-4A43-84A2-6A1678A0A406} = {75A757B2-D5F6-4812-9EB9-F456FA3C00C0}
		{204E721A-AE32-4FD3-8E1B-D993C4B7F7EE} = {75A757B2-D5F6-4812-9EB9-F456FA3C00C0}
		{B945C939-72AE-445E-8838-6A79E0B5614B} = {047C0A6C-057D-4DA7-BF85-CD8879C5EB8E}
		{328CE437-8399-4898-93FE-8159FA3C71D4} = {047C0A6C-057D-4DA7-BF85-CD8879C5EB8E}
	EndGlobalSection
	GlobalSection(ExtensibilityGlobals) = postSolution
		SolutionGuid = {639DFF7C-2D91-410B-94FE-1A1C5460569E}
	EndGlobalSection
EndGlobal
